Microsoft Visual Studio Solution File, Format Version 12.00
# Visual Studio Version 17
VisualStudioVersion = 17.5.2.0
MinimumVisualStudioVersion = 10.0.40219.1
Project("{2150E333-8FDC-42A3-9474-1A3956D46DE8}") = "backend", "backend", "{1AE8ACA6-933B-BF2A-3671-3E2EAC007D16}"
EndProject
Project("{FAE04EC0-301F-11D3-BF4B-00C04F79EFBC}") = "MedicalAppointmentApi", "backend\MedicalAppointmentApi\MedicalAppointmentApi.csproj", "{8C20BC54-4FF5-E529-13AA-F3D22BAFD0A6}"
EndProject
Global
	GlobalSection(SolutionConfigurationPlatforms) = preSolution
		Debug|Any CPU = Debug|Any CPU
		Release|Any CPU = Release|Any CPU
	EndGlobalSection
	GlobalSection(ProjectConfigurationPlatforms) = postSolution
		{3DED9BCC-D7FC-D4B1-ACC5-349C537382FB}.Debug|Any CPU.ActiveCfg = Debug|Any CPU
		{3DED9BCC-D7FC-D4B1-ACC5-349C537382FB}.Debug|Any CPU.Build.0 = Debug|Any CPU
		{3DED9BCC-D7FC-D4B1-ACC5-349C537382FB}.Release|Any CPU.ActiveCfg = Release|Any CPU
		{3DED9BCC-D7FC-D4B1-ACC5-349C537382FB}.Release|Any CPU.Build.0 = Release|Any CPU
		{8C20BC54-4FF5-E529-13AA-F3D22BAFD0A6}.Debug|Any CPU.ActiveCfg = Debug|Any CPU
		{8C20BC54-4FF5-E529-13AA-F3D22BAFD0A6}.Debug|Any CPU.Build.0 = Debug|Any CPU
		{8C20BC54-4FF5-E529-13AA-F3D22BAFD0A6}.Release|Any CPU.ActiveCfg = Release|Any CPU
		{8C20BC54-4FF5-E529-13AA-F3D22BAFD0A6}.Release|Any CPU.Build.0 = Release|Any CPU
	EndGlobalSection
	GlobalSection(SolutionProperties) = preSolution
		HideSolutionNode = FALSE
	EndGlobalSection
	GlobalSection(NestedProjects) = preSolution
		{8C20BC54-4FF5-E529-13AA-F3D22BAFD0A6} = {1AE8ACA6-933B-BF2A-3671-3E2EAC007D16}
	EndGlobalSection
	GlobalSection(ExtensibilityGlobals) = postSolution
		SolutionGuid = {475CF93D-4168-4F53-8747-A1D8BEE53BC5}
	EndGlobalSection
EndGlobal
