Microsoft Visual Studio Solution File, Format Version 12.00
# Visual Studio Version 17
VisualStudioVersion = 17.5.2.0
MinimumVisualStudioVersion = 10.0.40219.1
Project("{2150E333-8FDC-42A3-9474-1A3956D46DE8}") = "backend", "backend", "{1AE8ACA6-933B-BF2A-3671-3E2EAC007D16}"
EndProject
Project("{FAE04EC0-301F-11D3-BF4B-00C04F79EFBC}") = "MedicalAppointmentApi", "backend\MedicalAppointmentApi\MedicalAppointmentApi.csproj", "{8C20BC54-4FF5-E529-13AA-F3D22BAFD0A6}"
EndProject
Project("{FAE04EC0-301F-11D3-BF4B-00C04F79EFBC}") = "MedicalAppointmentApp.Models", "backend\MedicalAppointmentApp.Models\MedicalAppointmentApp.Models.csproj", "{F8A2D1E5-7B3C-4A21-9F6E-8D5C3B4A7E92}"
EndProject
Project("{FAE04EC0-301F-11D3-BF4B-00C04F79EFBC}") = "MedicalAppointmentApp.Data", "backend\MedicalAppointmentApp.Data\MedicalAppointmentApp.Data.csproj", "{C9E1F4B2-6A8D-4E3F-A7B5-9D2C1F5E8A73}"
EndProject
Project("{FAE04EC0-301F-11D3-BF4B-00C04F79EFBC}") = "MedicalAppointmentApp.Business", "backend\MedicalAppointmentApp.Business\MedicalAppointmentApp.Business.csproj", "{A3D7E9C1-5F4B-4D8E-B6A2-7E3F9C5D1B84}"
EndProject
Global
	GlobalSection(SolutionConfigurationPlatforms) = preSolution
		Debug|Any CPU = Debug|Any CPU
		Release|Any CPU = Release|Any CPU
	EndGlobalSection
	GlobalSection(ProjectConfigurationPlatforms) = postSolution
		{8C20BC54-4FF5-E529-13AA-F3D22BAFD0A6}.Debug|Any CPU.ActiveCfg = Debug|Any CPU
		{8C20BC54-4FF5-E529-13AA-F3D22BAFD0A6}.Debug|Any CPU.Build.0 = Debug|Any CPU
		{8C20BC54-4FF5-E529-13AA-F3D22BAFD0A6}.Release|Any CPU.ActiveCfg = Release|Any CPU
		{8C20BC54-4FF5-E529-13AA-F3D22BAFD0A6}.Release|Any CPU.Build.0 = Release|Any CPU
		{F8A2D1E5-7B3C-4A21-9F6E-8D5C3B4A7E92}.Debug|Any CPU.ActiveCfg = Debug|Any CPU
		{F8A2D1E5-7B3C-4A21-9F6E-8D5C3B4A7E92}.Debug|Any CPU.Build.0 = Debug|Any CPU
		{F8A2D1E5-7B3C-4A21-9F6E-8D5C3B4A7E92}.Release|Any CPU.ActiveCfg = Release|Any CPU
		{F8A2D1E5-7B3C-4A21-9F6E-8D5C3B4A7E92}.Release|Any CPU.Build.0 = Release|Any CPU
		{C9E1F4B2-6A8D-4E3F-A7B5-9D2C1F5E8A73}.Debug|Any CPU.ActiveCfg = Debug|Any CPU
		{C9E1F4B2-6A8D-4E3F-A7B5-9D2C1F5E8A73}.Debug|Any CPU.Build.0 = Debug|Any CPU
		{C9E1F4B2-6A8D-4E3F-A7B5-9D2C1F5E8A73}.Release|Any CPU.ActiveCfg = Release|Any CPU
		{C9E1F4B2-6A8D-4E3F-A7B5-9D2C1F5E8A73}.Release|Any CPU.Build.0 = Release|Any CPU
		{A3D7E9C1-5F4B-4D8E-B6A2-7E3F9C5D1B84}.Debug|Any CPU.ActiveCfg = Debug|Any CPU
		{A3D7E9C1-5F4B-4D8E-B6A2-7E3F9C5D1B84}.Debug|Any CPU.Build.0 = Debug|Any CPU
		{A3D7E9C1-5F4B-4D8E-B6A2-7E3F9C5D1B84}.Release|Any CPU.ActiveCfg = Release|Any CPU
		{A3D7E9C1-5F4B-4D8E-B6A2-7E3F9C5D1B84}.Release|Any CPU.Build.0 = Release|Any CPU
	EndGlobalSection
	GlobalSection(SolutionProperties) = preSolution
		HideSolutionNode = FALSE
	EndGlobalSection
	GlobalSection(NestedProjects) = preSolution
		{8C20BC54-4FF5-E529-13AA-F3D22BAFD0A6} = {1AE8ACA6-933B-BF2A-3671-3E2EAC007D16}
		{F8A2D1E5-7B3C-4A21-9F6E-8D5C3B4A7E92} = {1AE8ACA6-933B-BF2A-3671-3E2EAC007D16}
		{C9E1F4B2-6A8D-4E3F-A7B5-9D2C1F5E8A73} = {1AE8ACA6-933B-BF2A-3671-3E2EAC007D16}
		{A3D7E9C1-5F4B-4D8E-B6A2-7E3F9C5D1B84} = {1AE8ACA6-933B-BF2A-3671-3E2EAC007D16}
	EndGlobalSection
	GlobalSection(ExtensibilityGlobals) = postSolution
		SolutionGuid = {475CF93D-4168-4F53-8747-A1D8BEE53BC5}
	EndGlobalSection
EndGlobal
